# This file is automatically generated - do not edit it directly.
# Use https://weblate.rob006.net/projects/flarum/flarum-lock/uk/ for translation.
# You can read more about the process at https://github.com/rob006-software/flarum-translations/wiki.

flarum-lock:
  admin:
    permissions:
      lock_discussions_label: 'Заблокувати дискусії'
  forum:
    badge:
      locked_tooltip: Заблоковано
    discussion_controls:
      lock_button: Заблокувати
      unlock_button: Розблокувати
    notifications:
      discussion_locked_text: 'Користувача {username} заблоковано'
    post_stream:
      discussion_locked_text: 'Користувач {username} заблокував дискусію {time}.'
      discussion_unlocked_text: 'Користувач {username} розблокував дискусію {time}.'
    settings:
      notify_discussion_locked_label: 'Хтось блокує розпочату мною дискусію'
