# This file is automatically generated - do not edit it directly.
# Use https://weblate.rob006.net/projects/flarum/fof-spamblock/uk/ for translation.
# You can read more about the process at https://github.com/rob006-software/flarum-translations/wiki.

fof-spamblock:
  admin:
    permissions:
      spamblock_users_label: 'Позначити користувача як спамера'
  forum:
    user_controls:
      spammer_button: Спамер
      spammer_confirmation: "Ви впевнені, що бажаєте:\n- Приховати всі дискусії та дописи користувача\n- [flarum/suspend] Призупинити користувача"
